// !$*UTF8*$!
{
	archiveVersion = 1;
	classes = {
	};
	objectVersion = 50;
	objects = {

/* Begin PBXBuildFile section */
		134DC00E2298D15B00437ECB /* AppDelegate.swift in Sources */ = {isa = PBXBuildFile; fileRef = 134DC00D2298D15B00437ECB /* AppDelegate.swift */; };
		134DC0132298D15B00437ECB /* Main.storyboard in Resources */ = {isa = PBXBuildFile; fileRef = 134DC0112298D15B00437ECB /* Main.storyboard */; };
		134DC0152298D15C00437ECB /* Assets.xcassets in Resources */ = {isa = PBXBuildFile; fileRef = 134DC0142298D15C00437ECB /* Assets.xcassets */; };
		134DC0182298D15C00437ECB /* LaunchScreen.storyboard in Resources */ = {isa = PBXBuildFile; fileRef = 134DC0162298D15C00437ECB /* LaunchScreen.storyboard */; };
		134DC0232298D45700437ECB /* BaseViewController.swift in Sources */ = {isa = PBXBuildFile; fileRef = 134DC01F2298D45700437ECB /* BaseViewController.swift */; };
		134DC0242298D45700437ECB /* BasePageViewController.swift in Sources */ = {isa = PBXBuildFile; fileRef = 134DC0202298D45700437ECB /* BasePageViewController.swift */; };
		134DC0252298D45700437ECB /* SideMenuViewController.swift in Sources */ = {isa = PBXBuildFile; fileRef = 134DC0212298D45700437ECB /* SideMenuViewController.swift */; };
		134DC0262298D45700437ECB /* SideMenuItemViewController.swift in Sources */ = {isa = PBXBuildFile; fileRef = 134DC0222298D45700437ECB /* SideMenuItemViewController.swift */; };
/* End PBXBuildFile section */

/* Begin PBXFileReference section */
		134DC00A2298D15B00437ECB /* CustomSideMenuBar.app */ = {isa = PBXFileReference; explicitFileType = wrapper.application; includeInIndex = 0; path = CustomSideMenuBar.app; sourceTree = BUILT_PRODUCTS_DIR; };
		134DC00D2298D15B00437ECB /* AppDelegate.swift */ = {isa = PBXFileReference; lastKnownFileType = sourcecode.swift; path = AppDelegate.swift; sourceTree = "<group>"; };
		134DC0122298D15B00437ECB /* Base */ = {isa = PBXFileReference; lastKnownFileType = file.storyboard; name = Base; path = Base.lproj/Main.storyboard; sourceTree = "<group>"; };
		134DC0142298D15C00437ECB /* Assets.xcassets */ = {isa = PBXFileReference; lastKnownFileType = folder.assetcatalog; path = Assets.xcassets; sourceTree = "<group>"; };
		134DC0172298D15C00437ECB /* Base */ = {isa = PBXFileReference; lastKnownFileType = file.storyboard; name = Base; path = Base.lproj/LaunchScreen.storyboard; sourceTree = "<group>"; };
		134DC0192298D15C00437ECB /* Info.plist */ = {isa = PBXFileReference; lastKnownFileType = text.plist.xml; path = Info.plist; sourceTree = "<group>"; };
		134DC01F2298D45700437ECB /* BaseViewController.swift */ = {isa = PBXFileReference; fileEncoding = 4; lastKnownFileType = sourcecode.swift; path = BaseViewController.swift; sourceTree = "<group>"; };
		134DC0202298D45700437ECB /* BasePageViewController.swift */ = {isa = PBXFileReference; fileEncoding = 4; lastKnownFileType = sourcecode.swift; path = BasePageViewController.swift; sourceTree = "<group>"; };
		134DC0212298D45700437ECB /* SideMenuViewController.swift */ = {isa = PBXFileReference; fileEncoding = 4; lastKnownFileType = sourcecode.swift; path = SideMenuViewController.swift; sourceTree = "<group>"; };
		134DC0222298D45700437ECB /* SideMenuItemViewController.swift */ = {isa = PBXFileReference; fileEncoding = 4; lastKnownFileType = sourcecode.swift; path = SideMenuItemViewController.swift; sourceTree = "<group>"; };
/* End PBXFileReference section */

/* Begin PBXFrameworksBuildPhase section */
		134DC0072298D15B00437ECB /* Frameworks */ = {
			isa = PBXFrameworksBuildPhase;
			buildActionMask = 2147483647;
			files = (
			);
			runOnlyForDeploymentPostprocessing = 0;
		};
/* End PBXFrameworksBuildPhase section */

/* Begin PBXGroup section */
		134DC0012298D15B00437ECB = {
			isa = PBXGroup;
			children = (
				134DC00C2298D15B00437ECB /* CustomSideMenuBar */,
				134DC00B2298D15B00437ECB /* Products */,
			);
			sourceTree = "<group>";
		};
		134DC00B2298D15B00437ECB /* Products */ = {
			isa = PBXGroup;
			children = (
				134DC00A2298D15B00437ECB /* CustomSideMenuBar.app */,
			);
			name = Products;
			sourceTree = "<group>";
		};
		134DC00C2298D15B00437ECB /* CustomSideMenuBar */ = {
			isa = PBXGroup;
			children = (
				134DC00D2298D15B00437ECB /* AppDelegate.swift */,
				134DC0202298D45700437ECB /* BasePageViewController.swift */,
				134DC01F2298D45700437ECB /* BaseViewController.swift */,
				134DC0222298D45700437ECB /* SideMenuItemViewController.swift */,
				134DC0212298D45700437ECB /* SideMenuViewController.swift */,
				134DC0112298D15B00437ECB /* Main.storyboard */,
				134DC0142298D15C00437ECB /* Assets.xcassets */,
				134DC0162298D15C00437ECB /* LaunchScreen.storyboard */,
				134DC0192298D15C00437ECB /* Info.plist */,
			);
			path = CustomSideMenuBar;
			sourceTree = "<group>";
		};
/* End PBXGroup section */

/* Begin PBXNativeTarget section */
		134DC0092298D15B00437ECB /* CustomSideMenuBar */ = {
			isa = PBXNativeTarget;
			buildConfigurationList = 134DC01C2298D15C00437ECB /* Build configuration list for PBXNativeTarget "CustomSideMenuBar" */;
			buildPhases = (
				134DC0062298D15B00437ECB /* Sources */,
				134DC0072298D15B00437ECB /* Frameworks */,
				134DC0082298D15B00437ECB /* Resources */,
			);
			buildRules = (
			);
			dependencies = (
			);
			name = CustomSideMenuBar;
			productName = CustomSideMenuBar;
			productReference = 134DC00A2298D15B00437ECB /* CustomSideMenuBar.app */;
			productType = "com.apple.product-type.application";
		};
/* End PBXNativeTarget section */

/* Begin PBXProject section */
		134DC0022298D15B00437ECB /* Project object */ = {
			isa = PBXProject;
			attributes = {
				LastSwiftUpdateCheck = 1020;
				LastUpgradeCheck = 1020;
				ORGANIZATIONNAME = Yuta.S;
				TargetAttributes = {
					134DC0092298D15B00437ECB = {
						CreatedOnToolsVersion = 10.2.1;
					};
				};
			};
			buildConfigurationList = 134DC0052298D15B00437ECB /* Build configuration list for PBXProject "CustomSideMenuBar" */;
			compatibilityVersion = "Xcode 9.3";
			developmentRegion = en;
			hasScannedForEncodings = 0;
			knownRegions = (
				en,
				Base,
			);
			mainGroup = 134DC0012298D15B00437ECB;
			productRefGroup = 134DC00B2298D15B00437ECB /* Products */;
			projectDirPath = "";
			projectRoot = "";
			targets = (
				134DC0092298D15B00437ECB /* CustomSideMenuBar */,
			);
		};
/* End PBXProject section */

/* Begin PBXResourcesBuildPhase section */
		134DC0082298D15B00437ECB /* Resources */ = {
			isa = PBXResourcesBuildPhase;
			buildActionMask = 2147483647;
			files = (
				134DC0182298D15C00437ECB /* LaunchScreen.storyboard in Resources */,
				134DC0152298D15C00437ECB /* Assets.xcassets in Resources */,
				134DC0132298D15B00437ECB /* Main.storyboard in Resources */,
			);
			runOnlyForDeploymentPostprocessing = 0;
		};
/* End PBXResourcesBuildPhase section */

/* Begin PBXSourcesBuildPhase section */
		134DC0062298D15B00437ECB /* Sources */ = {
			isa = PBXSourcesBuildPhase;
			buildActionMask = 2147483647;
			files = (
				134DC00E2298D15B00437ECB /* AppDelegate.swift in Sources */,
				134DC0262298D45700437ECB /* SideMenuItemViewController.swift in Sources */,
				134DC0242298D45700437ECB /* BasePageViewController.swift in Sources */,
				134DC0252298D45700437ECB /* SideMenuViewController.swift in Sources */,
				134DC0232298D45700437ECB /* BaseViewController.swift in Sources */,
			);
			runOnlyForDeploymentPostprocessing = 0;
		};
/* End PBXSourcesBuildPhase section */

/* Begin PBXVariantGroup section */
		134DC0112298D15B00437ECB /* Main.storyboard */ = {
			isa = PBXVariantGroup;
			children = (
				134DC0122298D15B00437ECB /* Base */,
			);
			name = Main.storyboard;
			sourceTree = "<group>";
		};
		134DC0162298D15C00437ECB /* LaunchScreen.storyboard */ = {
			isa = PBXVariantGroup;
			children = (
				134DC0172298D15C00437ECB /* Base */,
			);
			name = LaunchScreen.storyboard;
			sourceTree = "<group>";
		};
/* End PBXVariantGroup section */

/* Begin XCBuildConfiguration section */
		134DC01A2298D15C00437ECB /* Debug */ = {
			isa = XCBuildConfiguration;
			buildSettings = {
				ALWAYS_SEARCH_USER_PATHS = NO;
				CLANG_ANALYZER_NONNULL = YES;
				CLANG_ANALYZER_NUMBER_OBJECT_CONVERSION = YES_AGGRESSIVE;
				CLANG_CXX_LANGUAGE_STANDARD = "gnu++14";
				CLANG_CXX_LIBRARY = "libc++";
				CLANG_ENABLE_MODULES = YES;
				CLANG_ENABLE_OBJC_ARC = YES;
				CLANG_ENABLE_OBJC_WEAK = YES;
				CLANG_WARN_BLOCK_CAPTURE_AUTORELEASING = YES;
				CLANG_WARN_BOOL_CONVERSION = YES;
				CLANG_WARN_COMMA = YES;
				CLANG_WARN_CONSTANT_CONVERSION = YES;
				CLANG_WARN_DEPRECATED_OBJC_IMPLEMENTATIONS = YES;
				CLANG_WARN_DIRECT_OBJC_ISA_USAGE = YES_ERROR;
				CLANG_WARN_DOCUMENTATION_COMMENTS = YES;
				CLANG_WARN_EMPTY_BODY = YES;
				CLANG_WARN_ENUM_CONVERSION = YES;
				CLANG_WARN_INFINITE_RECURSION = YES;
				CLANG_WARN_INT_CONVERSION = YES;
				CLANG_WARN_NON_LITERAL_NULL_CONVERSION = YES;
				CLANG_WARN_OBJC_IMPLICIT_RETAIN_SELF = YES;
				CLANG_WARN_OBJC_LITERAL_CONVERSION = YES;
				CLANG_WARN_OBJC_ROOT_CLASS = YES_ERROR;
				CLANG_WARN_RANGE_LOOP_ANALYSIS = YES;
				CLANG_WARN_STRICT_PROTOTYPES = YES;
				CLANG_WARN_SUSPICIOUS_MOVE = YES;
				CLANG_WARN_UNGUARDED_AVAILABILITY = YES_AGGRESSIVE;
				CLANG_WARN_UNREACHABLE_CODE = YES;
				CLANG_WARN__DUPLICATE_METHOD_MATCH = YES;
				CODE_SIGN_IDENTITY = "iPhone Developer";
				COPY_PHASE_STRIP = NO;
				DEBUG_INFORMATION_FORMAT = dwarf;
				ENABLE_STRICT_OBJC_MSGSEND = YES;
				ENABLE_TESTABILITY = YES;
				GCC_C_LANGUAGE_STANDARD = gnu11;
				GCC_DYNAMIC_NO_PIC = NO;
				GCC_NO_COMMON_BLOCKS = YES;
				GCC_OPTIMIZATION_LEVEL = 0;
				GCC_PREPROCESSOR_DEFINITIONS = (
					"DEBUG=1",
					"$(inherited)",
				);
				GCC_WARN_64_TO_32_BIT_CONVERSION = YES;
				GCC_WARN_ABOUT_RETURN_TYPE = YES_ERROR;
				GCC_WARN_UNDECLARED_SELECTOR = YES;
				GCC_WARN_UNINITIALIZED_AUTOS = YES_AGGRESSIVE;
				GCC_WARN_UNUSED_FUNCTION = YES;
				GCC_WARN_UNUSED_VARIABLE = YES;
				IPHONEOS_DEPLOYMENT_TARGET = 12.2;
				MTL_ENABLE_DEBUG_INFO = INCLUDE_SOURCE;
				MTL_FAST_MATH = YES;
				ONLY_ACTIVE_ARCH = YES;
				SDKROOT = iphoneos;
				SWIFT_ACTIVE_COMPILATION_CONDITIONS = DEBUG;
				SWIFT_OPTIMIZATION_LEVEL = "-Onone";
			};
			name = Debug;
		};
		134DC01B2298D15C00437ECB /* Release */ = {
			isa = XCBuildConfiguration;
			buildSettings = {
				ALWAYS_SEARCH_USER_PATHS = NO;
				CLANG_ANALYZER_NONNULL = YES;
				CLANG_ANALYZER_NUMBER_OBJECT_CONVERSION = YES_AGGRESSIVE;
				CLANG_CXX_LANGUAGE_STANDARD = "gnu++14";
				CLANG_CXX_LIBRARY = "libc++";
				CLANG_ENABLE_MODULES = YES;
				CLANG_ENABLE_OBJC_ARC = YES;
				CLANG_ENABLE_OBJC_WEAK = YES;
				CLANG_WARN_BLOCK_CAPTURE_AUTORELEASING = YES;
				CLANG_WARN_BOOL_CONVERSION = YES;
				CLANG_WARN_COMMA = YES;
				CLANG_WARN_CONSTANT_CONVERSION = YES;
				CLANG_WARN_DEPRECATED_OBJC_IMPLEMENTATIONS = YES;
				CLANG_WARN_DIRECT_OBJC_ISA_USAGE = YES_ERROR;
				CLANG_WARN_DOCUMENTATION_COMMENTS = YES;
				CLANG_WARN_EMPTY_BODY = YES;
				CLANG_WARN_ENUM_CONVERSION = YES;
				CLANG_WARN_INFINITE_RECURSION = YES;
				CLANG_WARN_INT_CONVERSION = YES;
				CLANG_WARN_NON_LITERAL_NULL_CONVERSION = YES;
				CLANG_WARN_OBJC_IMPLICIT_RETAIN_SELF = YES;
				CLANG_WARN_OBJC_LITERAL_CONVERSION = YES;
				CLANG_WARN_OBJC_ROOT_CLASS = YES_ERROR;
				CLANG_WARN_RANGE_LOOP_ANALYSIS = YES;
				CLANG_WARN_STRICT_PROTOTYPES = YES;
				CLANG_WARN_SUSPICIOUS_MOVE = YES;
				CLANG_WARN_UNGUARDED_AVAILABILITY = YES_AGGRESSIVE;
				CLANG_WARN_UNREACHABLE_CODE = YES;
				CLANG_WARN__DUPLICATE_METHOD_MATCH = YES;
				CODE_SIGN_IDENTITY = "iPhone Developer";
				COPY_PHASE_STRIP = NO;
				DEBUG_INFORMATION_FORMAT = "dwarf-with-dsym";
				ENABLE_NS_ASSERTIONS = NO;
				ENABLE_STRICT_OBJC_MSGSEND = YES;
				GCC_C_LANGUAGE_STANDARD = gnu11;
				GCC_NO_COMMON_BLOCKS = YES;
				GCC_WARN_64_TO_32_BIT_CONVERSION = YES;
				GCC_WARN_ABOUT_RETURN_TYPE = YES_ERROR;
				GCC_WARN_UNDECLARED_SELECTOR = YES;
				GCC_WARN_UNINITIALIZED_AUTOS = YES_AGGRESSIVE;
				GCC_WARN_UNUSED_FUNCTION = YES;
				GCC_WARN_UNUSED_VARIABLE = YES;
				IPHONEOS_DEPLOYMENT_TARGET = 12.2;
				MTL_ENABLE_DEBUG_INFO = NO;
				MTL_FAST_MATH = YES;
				SDKROOT = iphoneos;
				SWIFT_COMPILATION_MODE = wholemodule;
				SWIFT_OPTIMIZATION_LEVEL = "-O";
				VALIDATE_PRODUCT = YES;
			};
			name = Release;
		};
		134DC01D2298D15C00437ECB /* Debug */ = {
			isa = XCBuildConfiguration;
			buildSettings = {
				ASSETCATALOG_COMPILER_APPICON_NAME = AppIcon;
				CODE_SIGN_STYLE = Automatic;
				INFOPLIST_FILE = CustomSideMenuBar/Info.plist;
				LD_RUNPATH_SEARCH_PATHS = (
					"$(inherited)",
					"@executable_path/Frameworks",
				);
				PRODUCT_BUNDLE_IDENTIFIER = jp.co.sasa.CustomSideMenuBar;
				PRODUCT_NAME = "$(TARGET_NAME)";
				SWIFT_VERSION = 5.0;
				TARGETED_DEVICE_FAMILY = "1,2";
			};
			name = Debug;
		};
		134DC01E2298D15C00437ECB /* Release */ = {
			isa = XCBuildConfiguration;
			buildSettings = {
				ASSETCATALOG_COMPILER_APPICON_NAME = AppIcon;
				CODE_SIGN_STYLE = Automatic;
				INFOPLIST_FILE = CustomSideMenuBar/Info.plist;
				LD_RUNPATH_SEARCH_PATHS = (
					"$(inherited)",
					"@executable_path/Frameworks",
				);
				PRODUCT_BUNDLE_IDENTIFIER = jp.co.sasa.CustomSideMenuBar;
				PRODUCT_NAME = "$(TARGET_NAME)";
				SWIFT_VERSION = 5.0;
				TARGETED_DEVICE_FAMILY = "1,2";
			};
			name = Release;
		};
/* End XCBuildConfiguration section */

/* Begin XCConfigurationList section */
		134DC0052298D15B00437ECB /* Build configuration list for PBXProject "CustomSideMenuBar" */ = {
			isa = XCConfigurationList;
			buildConfigurations = (
				134DC01A2298D15C00437ECB /* Debug */,
				134DC01B2298D15C00437ECB /* Release */,
			);
			defaultConfigurationIsVisible = 0;
			defaultConfigurationName = Release;
		};
		134DC01C2298D15C00437ECB /* Build configuration list for PBXNativeTarget "CustomSideMenuBar" */ = {
			isa = XCConfigurationList;
			buildConfigurations = (
				134DC01D2298D15C00437ECB /* Debug */,
				134DC01E2298D15C00437ECB /* Release */,
			);
			defaultConfigurationIsVisible = 0;
			defaultConfigurationName = Release;
		};
/* End XCConfigurationList section */
	};
	rootObject = 134DC0022298D15B00437ECB /* Project object */;
}
